PODS:
  - Flutter (1.0.0)
  - Giphy (2.2.12):
    - libwebp
  - integration_test (0.0.1):
    - Flutter
  - jitsi_meet_flutter_sdk (10.3.0):
    - Flutter
    - JitsiMeetSDK (= 11.0.0)
  - JitsiMeetSDK (11.0.0):
    - Giphy (= 2.2.12)
    - JitsiWebRTC (~> 124.0)
  - JitsiWebRTC (124.0.2)
  - libwebp (1.5.0):
    - libwebp/demux (= 1.5.0)
    - libwebp/mux (= 1.5.0)
    - libwebp/sharpyuv (= 1.5.0)
    - libwebp/webp (= 1.5.0)
  - libwebp/demux (1.5.0):
    - libwebp/webp
  - libwebp/mux (1.5.0):
    - libwebp/demux
  - libwebp/sharpyuv (1.5.0)
  - libwebp/webp (1.5.0):
    - libwebp/sharpyuv

DEPENDENCIES:
  - Flutter (from `Flutter`)
  - integration_test (from `.symlinks/plugins/integration_test/ios`)
  - jitsi_meet_flutter_sdk (from `.symlinks/plugins/jitsi_meet_flutter_sdk/ios`)

SPEC REPOS:
  trunk:
    - Giphy
    - JitsiMeetSDK
    - JitsiWebRTC
    - libwebp

EXTERNAL SOURCES:
  Flutter:
    :path: Flutter
  integration_test:
    :path: ".symlinks/plugins/integration_test/ios"
  jitsi_meet_flutter_sdk:
    :path: ".symlinks/plugins/jitsi_meet_flutter_sdk/ios"

SPEC CHECKSUMS:
  Flutter: e0871f40cf51350855a761d2e70bf5af5b9b5de7
  Giphy: 83628960ed04e1c3428ff1b4fb2b027f65e82f50
  integration_test: 252f60fa39af5e17c3aa9899d35d908a0721b573
  jitsi_meet_flutter_sdk: 3f2c6705cec052fbf9c168759e0e4fb24e592b38
  JitsiMeetSDK: ca82150c9099a6432c84f18897d17281787ba91e
  JitsiWebRTC: b47805ab5668be38e7ee60e2258f49badfe8e1d0
  libwebp: 02b23773aedb6ff1fd38cec7a77b81414c6842a8

PODFILE CHECKSUM: a33f59345450d290a8dbcf342843f42525e4989f

COCOAPODS: 1.16.2
