PODS:
  - Flutter (1.0.0)
  - Giphy (2.2.12):
    - libwebp
  - integration_test (0.0.1):
    - Flutter
  - jitsi_meet_flutter_sdk (11.0.1):
    - Flutter
    - JitsiMeetSDK (= 11.1.0)
  - JitsiMeetSDK (11.1.0):
    - Giphy (= 2.2.12)
    - JitsiWebRTC (~> 124.0)
  - JitsiWebRTC (124.0.2)
  - libwebp (1.5.0):
    - libwebp/demux (= 1.5.0)
    - libwebp/mux (= 1.5.0)
    - libwebp/sharpyuv (= 1.5.0)
    - libwebp/webp (= 1.5.0)
  - libwebp/demux (1.5.0):
    - libwebp/webp
  - libwebp/mux (1.5.0):
    - libwebp/demux
  - libwebp/sharpyuv (1.5.0)
  - libwebp/webp (1.5.0):
    - libwebp/sharpyuv

DEPENDENCIES:
  - Flutter (from `Flutter`)
  - integration_test (from `.symlinks/plugins/integration_test/ios`)
  - jitsi_meet_flutter_sdk (from `.symlinks/plugins/jitsi_meet_flutter_sdk/ios`)

SPEC REPOS:
  trunk:
    - Giphy
    - JitsiMeetSDK
    - JitsiWebRTC
    - libwebp

EXTERNAL SOURCES:
  Flutter:
    :path: Flutter
  integration_test:
    :path: ".symlinks/plugins/integration_test/ios"
  jitsi_meet_flutter_sdk:
    :path: ".symlinks/plugins/jitsi_meet_flutter_sdk/ios"

SPEC CHECKSUMS:
  Flutter: e0871f40cf51350855a761d2e70bf5af5b9b5de7
  Giphy: 83628960ed04e1c3428ff1b4fb2b027f65e82f50
  integration_test: 4a889634ef21a45d28d50d622cf412dc6d9f586e
  jitsi_meet_flutter_sdk: 7fb157d1348d363e9f2357dc2680d9ae3fb2ef1c
  JitsiMeetSDK: dfae0b8815dfc1715186fbb96bb24cdb230e1d9f
  JitsiWebRTC: b47805ab5668be38e7ee60e2258f49badfe8e1d0
  libwebp: 02b23773aedb6ff1fd38cec7a77b81414c6842a8

PODFILE CHECKSUM: a33f59345450d290a8dbcf342843f42525e4989f

COCOAPODS: 1.16.2
